
Microsoft Visual Studio Solution File, Format Version 12.00
# Visual Studio Version 16
VisualStudioVersion = 16.0.34031.81
MinimumVisualStudioVersion = 10.0.40219.1
Project("{2150E333-8FDC-42A3-9474-1A3956D46DE8}") = "Task0", "Task0", "{010AC1E6-B6E9-4D23-8DE6-8D0AF954B3F7}"
EndProject
Project("{FAE04EC0-301F-11D3-BF4B-00C04F79EFBC}") = "Tyuiu.ShtolAA.Sprint6.Task0.V18.Lib", "Tyuiu.ShtolAA.Sprint6.Task0.V18.Lib\Tyuiu.ShtolAA.Sprint6.Task0.V18.Lib.csproj", "{68AC0083-0B44-4C7A-93FF-67043378D9C7}"
EndProject
Project("{FAE04EC0-301F-11D3-BF4B-00C04F79EFBC}") = "Tyuiu.ShtolAA.Sprint6.Task0.V18.Test", "Tyuiu.ShtolAA.Sprint6.Task0.V18.Test\Tyuiu.ShtolAA.Sprint6.Task0.V18.Test.csproj", "{A49BFDD9-73DA-4A32-A229-CBFB85582E76}"
EndProject
Project("{FAE04EC0-301F-11D3-BF4B-00C04F79EFBC}") = "Tyuiu.ShtolAA.Sprint6.Task0.V18", "Tyuiu.ShtolAA.Sprint6.Task0.V18\Tyuiu.ShtolAA.Sprint6.Task0.V18.csproj", "{31DCFCB4-2F6D-4A0A-9513-D498FA11EE4E}"
EndProject
Project("{2150E333-8FDC-42A3-9474-1A3956D46DE8}") = "Task1", "Task1", "{1576D362-78CD-458D-AE4B-40650B14EF91}"
EndProject
Project("{FAE04EC0-301F-11D3-BF4B-00C04F79EFBC}") = "Tyuiu.ShtolAA.Sprint6.Task1.V12.Test", "Tyuiu.ShtolAA.Sprint6.Task1.V12.Test\Tyuiu.ShtolAA.Sprint6.Task1.V12.Test.csproj", "{83164123-0FEE-4535-906B-E184887B3CA2}"
EndProject
Project("{FAE04EC0-301F-11D3-BF4B-00C04F79EFBC}") = "Tyuiu.ShtolAA.Sprint6.Task1.V12.Lib", "Tyuiu.ShtolAA.Sprint6.Task1.V12.Lib\Tyuiu.ShtolAA.Sprint6.Task1.V12.Lib.csproj", "{402F0D45-CDE0-43F4-ABB8-3E015FE0779E}"
EndProject
Project("{FAE04EC0-301F-11D3-BF4B-00C04F79EFBC}") = "Tyuiu.ShtolAA.Sprint6.Task1.V12", "Tyuiu.ShtolAA.Sprint6.Task1.V12\Tyuiu.ShtolAA.Sprint6.Task1.V12.csproj", "{E1BA1E5F-C827-4812-AB02-A0F799E420AE}"
EndProject
Project("{2150E333-8FDC-42A3-9474-1A3956D46DE8}") = "Task2", "Task2", "{EE7BA050-CF06-446A-9E65-E56E93365C3A}"
EndProject
Project("{FAE04EC0-301F-11D3-BF4B-00C04F79EFBC}") = "Tyuiu.ShtolAA.Sprint6.Task2.V6.Test", "Tyuiu.ShtolAA.Sprint6.Task2.V6.Test\Tyuiu.ShtolAA.Sprint6.Task2.V6.Test.csproj", "{D12BE754-65BF-4B2C-B55C-E2DCEAAC8C03}"
EndProject
Project("{FAE04EC0-301F-11D3-BF4B-00C04F79EFBC}") = "Tyuiu.ShtolAA.Sprint6.Task2.V6.Lib", "Tyuiu.ShtolAA.Sprint6.Task2.V6.Lib\Tyuiu.ShtolAA.Sprint6.Task2.V6.Lib.csproj", "{D2EB0686-C57B-4FBA-A004-0817BEA490DB}"
EndProject
Project("{FAE04EC0-301F-11D3-BF4B-00C04F79EFBC}") = "Tyuiu.ShtolAA.Sprint6.Task2.V6", "Tyuiu.ShtolAA.Sprint6.Task2.V6\Tyuiu.ShtolAA.Sprint6.Task2.V6.csproj", "{1D2DC213-59BF-4959-BA04-FD3C65D4EC36}"
EndProject
Global
	GlobalSection(SolutionConfigurationPlatforms) = preSolution
		Debug|Any CPU = Debug|Any CPU
		Release|Any CPU = Release|Any CPU
	EndGlobalSection
	GlobalSection(ProjectConfigurationPlatforms) = postSolution
		{68AC0083-0B44-4C7A-93FF-67043378D9C7}.Debug|Any CPU.ActiveCfg = Debug|Any CPU
		{68AC0083-0B44-4C7A-93FF-67043378D9C7}.Debug|Any CPU.Build.0 = Debug|Any CPU
		{68AC0083-0B44-4C7A-93FF-67043378D9C7}.Release|Any CPU.ActiveCfg = Release|Any CPU
		{68AC0083-0B44-4C7A-93FF-67043378D9C7}.Release|Any CPU.Build.0 = Release|Any CPU
		{A49BFDD9-73DA-4A32-A229-CBFB85582E76}.Debug|Any CPU.ActiveCfg = Debug|Any CPU
		{A49BFDD9-73DA-4A32-A229-CBFB85582E76}.Debug|Any CPU.Build.0 = Debug|Any CPU
		{A49BFDD9-73DA-4A32-A229-CBFB85582E76}.Release|Any CPU.ActiveCfg = Release|Any CPU
		{A49BFDD9-73DA-4A32-A229-CBFB85582E76}.Release|Any CPU.Build.0 = Release|Any CPU
		{31DCFCB4-2F6D-4A0A-9513-D498FA11EE4E}.Debug|Any CPU.ActiveCfg = Debug|Any CPU
		{31DCFCB4-2F6D-4A0A-9513-D498FA11EE4E}.Debug|Any CPU.Build.0 = Debug|Any CPU
		{31DCFCB4-2F6D-4A0A-9513-D498FA11EE4E}.Release|Any CPU.ActiveCfg = Release|Any CPU
		{31DCFCB4-2F6D-4A0A-9513-D498FA11EE4E}.Release|Any CPU.Build.0 = Release|Any CPU
		{83164123-0FEE-4535-906B-E184887B3CA2}.Debug|Any CPU.ActiveCfg = Debug|Any CPU
		{83164123-0FEE-4535-906B-E184887B3CA2}.Debug|Any CPU.Build.0 = Debug|Any CPU
		{83164123-0FEE-4535-906B-E184887B3CA2}.Release|Any CPU.ActiveCfg = Release|Any CPU
		{83164123-0FEE-4535-906B-E184887B3CA2}.Release|Any CPU.Build.0 = Release|Any CPU
		{402F0D45-CDE0-43F4-ABB8-3E015FE0779E}.Debug|Any CPU.ActiveCfg = Debug|Any CPU
		{402F0D45-CDE0-43F4-ABB8-3E015FE0779E}.Debug|Any CPU.Build.0 = Debug|Any CPU
		{402F0D45-CDE0-43F4-ABB8-3E015FE0779E}.Release|Any CPU.ActiveCfg = Release|Any CPU
		{402F0D45-CDE0-43F4-ABB8-3E015FE0779E}.Release|Any CPU.Build.0 = Release|Any CPU
		{E1BA1E5F-C827-4812-AB02-A0F799E420AE}.Debug|Any CPU.ActiveCfg = Debug|Any CPU
		{E1BA1E5F-C827-4812-AB02-A0F799E420AE}.Debug|Any CPU.Build.0 = Debug|Any CPU
		{E1BA1E5F-C827-4812-AB02-A0F799E420AE}.Release|Any CPU.ActiveCfg = Release|Any CPU
		{E1BA1E5F-C827-4812-AB02-A0F799E420AE}.Release|Any CPU.Build.0 = Release|Any CPU
		{D12BE754-65BF-4B2C-B55C-E2DCEAAC8C03}.Debug|Any CPU.ActiveCfg = Debug|Any CPU
		{D12BE754-65BF-4B2C-B55C-E2DCEAAC8C03}.Debug|Any CPU.Build.0 = Debug|Any CPU
		{D12BE754-65BF-4B2C-B55C-E2DCEAAC8C03}.Release|Any CPU.ActiveCfg = Release|Any CPU
		{D12BE754-65BF-4B2C-B55C-E2DCEAAC8C03}.Release|Any CPU.Build.0 = Release|Any CPU
		{D2EB0686-C57B-4FBA-A004-0817BEA490DB}.Debug|Any CPU.ActiveCfg = Debug|Any CPU
		{D2EB0686-C57B-4FBA-A004-0817BEA490DB}.Debug|Any CPU.Build.0 = Debug|Any CPU
		{D2EB0686-C57B-4FBA-A004-0817BEA490DB}.Release|Any CPU.ActiveCfg = Release|Any CPU
		{D2EB0686-C57B-4FBA-A004-0817BEA490DB}.Release|Any CPU.Build.0 = Release|Any CPU
		{1D2DC213-59BF-4959-BA04-FD3C65D4EC36}.Debug|Any CPU.ActiveCfg = Debug|Any CPU
		{1D2DC213-59BF-4959-BA04-FD3C65D4EC36}.Debug|Any CPU.Build.0 = Debug|Any CPU
		{1D2DC213-59BF-4959-BA04-FD3C65D4EC36}.Release|Any CPU.ActiveCfg = Release|Any CPU
		{1D2DC213-59BF-4959-BA04-FD3C65D4EC36}.Release|Any CPU.Build.0 = Release|Any CPU
	EndGlobalSection
	GlobalSection(SolutionProperties) = preSolution
		HideSolutionNode = FALSE
	EndGlobalSection
	GlobalSection(NestedProjects) = preSolution
		{68AC0083-0B44-4C7A-93FF-67043378D9C7} = {010AC1E6-B6E9-4D23-8DE6-8D0AF954B3F7}
		{A49BFDD9-73DA-4A32-A229-CBFB85582E76} = {010AC1E6-B6E9-4D23-8DE6-8D0AF954B3F7}
		{31DCFCB4-2F6D-4A0A-9513-D498FA11EE4E} = {010AC1E6-B6E9-4D23-8DE6-8D0AF954B3F7}
		{83164123-0FEE-4535-906B-E184887B3CA2} = {1576D362-78CD-458D-AE4B-40650B14EF91}
		{402F0D45-CDE0-43F4-ABB8-3E015FE0779E} = {1576D362-78CD-458D-AE4B-40650B14EF91}
		{E1BA1E5F-C827-4812-AB02-A0F799E420AE} = {1576D362-78CD-458D-AE4B-40650B14EF91}
		{D12BE754-65BF-4B2C-B55C-E2DCEAAC8C03} = {EE7BA050-CF06-446A-9E65-E56E93365C3A}
		{D2EB0686-C57B-4FBA-A004-0817BEA490DB} = {EE7BA050-CF06-446A-9E65-E56E93365C3A}
		{1D2DC213-59BF-4959-BA04-FD3C65D4EC36} = {EE7BA050-CF06-446A-9E65-E56E93365C3A}
	EndGlobalSection
	GlobalSection(ExtensibilityGlobals) = postSolution
		SolutionGuid = {2853E7B7-BDAC-4693-8F99-4C8B5F414612}
	EndGlobalSection
EndGlobal
